{
  "name": "workspace",
  "lockfileVersion": 3,
  "requires": true,
  "packages": {
    "": {
      "dependencies": {
        "git-mob-core": "^0.10.1"
      }
    },
    "node_modules/git-mob-core": {
      "version": "0.10.1",
      "resolved": "https://registry.npmjs.org/git-mob-core/-/git-mob-core-0.10.1.tgz",
      "integrity": "sha512-vBzHabAAMa3rse8JyrxCW8nJvdyUzIl/4aHV8r4dKQoae8rfhW39v0AoCdFP1mHFhq8+vHl6tcStS6cGZAI5pQ==",
      "engines": {
        "node": ">=16"
      }
    }
  }
}
